// !$*UTF8*$!
{
	archiveVersion = 1;
	classes = {
	};
	objectVersion = 77;
	objects = {

/* Begin PBXBuildFile section */
		0000F1C2C22BD4DD7C242062 /* SSHCommandBuilderTests.swift in Sources */ = {isa = PBXBuildFile; fileRef = 4D2CF78C217C6E72E4C70FDC /* SSHCommandBuilderTests.swift */; };
		05B5DA2AD2D7216AA3D1E9F9 /* TunnelConfig.swift in Sources */ = {isa = PBXBuildFile; fileRef = 5909F6104FB2F4B5A601375B /* TunnelConfig.swift */; };
		132C8BAC93109320027E82EB /* TunnelProcess.swift in Sources */ = {isa = PBXBuildFile; fileRef = CBFE4A20F8124A7ECE605B66 /* TunnelProcess.swift */; };
		16E40854C8A5BFC5B80004B4 /* TunnelConfigTests.swift in Sources */ = {isa = PBXBuildFile; fileRef = 88BDAAB18C1E0D7D989269C0 /* TunnelConfigTests.swift */; };
		21EE1592F11E0FB973706733 /* SSHCommandBuilder.swift in Sources */ = {isa = PBXBuildFile; fileRef = C41179959135F03EF2DCCD56 /* SSHCommandBuilder.swift */; };
		39361CD241B3BB35FC5AC0EC /* AskpassHelper.swift in Sources */ = {isa = PBXBuildFile; fileRef = 036B4773BB3F7E66A015686E /* AskpassHelper.swift */; };
		48D01238BF0B7BC09F87E859 /* PortChecker.swift in Sources */ = {isa = PBXBuildFile; fileRef = EF125BD0DA36ECE11FEB59D1 /* PortChecker.swift */; };
		5E56A07A702A6D3F321668F0 /* SSHTunnelManagerTests.swift in Sources */ = {isa = PBXBuildFile; fileRef = BC1A4E0702A57F60E7FDB292 /* SSHTunnelManagerTests.swift */; };
		5F64D06E9EF13B62C1A83FDB /* NotificationService.swift in Sources */ = {isa = PBXBuildFile; fileRef = 7459077F5FB4D8ED0B355716 /* NotificationService.swift */; };
		63B1C8A878C0CEE3A517A3D7 /* KeychainService.swift in Sources */ = {isa = PBXBuildFile; fileRef = 2C5B10661CC37FC88DBEDEB7 /* KeychainService.swift */; };
		7448C27D4B1DD21BF742236A /* KeychainServiceTests.swift in Sources */ = {isa = PBXBuildFile; fileRef = 40EFD25F9F49585B59AD7D68 /* KeychainServiceTests.swift */; };
		78AA23EAB40D605328E5D6AB /* TunnelStore.swift in Sources */ = {isa = PBXBuildFile; fileRef = C5E53BDE4DB853BCB476F57E /* TunnelStore.swift */; };
		9922B09E1F7E39F1EAE408E3 /* PortCheckerTests.swift in Sources */ = {isa = PBXBuildFile; fileRef = F8CD1AFE108B03994C56CFD1 /* PortCheckerTests.swift */; };
		B525650851107C50B13E1C4F /* ReconnectSchedulerTests.swift in Sources */ = {isa = PBXBuildFile; fileRef = 862BBC573FE03893D84A68DA /* ReconnectSchedulerTests.swift */; };
		C5D062341D82EA833A1CD40E /* TunnelStoreTests.swift in Sources */ = {isa = PBXBuildFile; fileRef = 93B0B944BFD3C4AD3866E93B /* TunnelStoreTests.swift */; };
		D48907E9863B91C7709B4CF0 /* ReconnectScheduler.swift in Sources */ = {isa = PBXBuildFile; fileRef = 5D56464A78D1542DCECBA1E0 /* ReconnectScheduler.swift */; };
		E808F6E440DFD044796B4926 /* SSHTunnelManagerApp.swift in Sources */ = {isa = PBXBuildFile; fileRef = FFADF22E152EE5C7FDCB38EB /* SSHTunnelManagerApp.swift */; };
		F9F8154E88D77B7BFCE03EB5 /* TunnelState.swift in Sources */ = {isa = PBXBuildFile; fileRef = C3F2A76586A414A18117D984 /* TunnelState.swift */; };
/* End PBXBuildFile section */

/* Begin PBXContainerItemProxy section */
		524FDB41B64A46B956C7F61A /* PBXContainerItemProxy */ = {
			isa = PBXContainerItemProxy;
			containerPortal = DB49ACC03D5E7410207F8226 /* Project object */;
			proxyType = 1;
			remoteGlobalIDString = 1E4F5FB5085AB032F5EDD326;
			remoteInfo = SSHTunnelManager;
		};
/* End PBXContainerItemProxy section */

/* Begin PBXFileReference section */
		036B4773BB3F7E66A015686E /* AskpassHelper.swift */ = {isa = PBXFileReference; lastKnownFileType = sourcecode.swift; path = AskpassHelper.swift; sourceTree = "<group>"; };
		2C5B10661CC37FC88DBEDEB7 /* KeychainService.swift */ = {isa = PBXFileReference; lastKnownFileType = sourcecode.swift; path = KeychainService.swift; sourceTree = "<group>"; };
		36D6C4C316A99536379CEF9D /* Info.plist */ = {isa = PBXFileReference; lastKnownFileType = text.plist; path = Info.plist; sourceTree = "<group>"; };
		40EFD25F9F49585B59AD7D68 /* KeychainServiceTests.swift */ = {isa = PBXFileReference; lastKnownFileType = sourcecode.swift; path = KeychainServiceTests.swift; sourceTree = "<group>"; };
		4D111C803D54D3AA851AA1FC /* SSHTunnelManagerTests.xctest */ = {isa = PBXFileReference; explicitFileType = wrapper.cfbundle; includeInIndex = 0; path = SSHTunnelManagerTests.xctest; sourceTree = BUILT_PRODUCTS_DIR; };
		4D2CF78C217C6E72E4C70FDC /* SSHCommandBuilderTests.swift */ = {isa = PBXFileReference; lastKnownFileType = sourcecode.swift; path = SSHCommandBuilderTests.swift; sourceTree = "<group>"; };
		5909F6104FB2F4B5A601375B /* TunnelConfig.swift */ = {isa = PBXFileReference; lastKnownFileType = sourcecode.swift; path = TunnelConfig.swift; sourceTree = "<group>"; };
		5D56464A78D1542DCECBA1E0 /* ReconnectScheduler.swift */ = {isa = PBXFileReference; lastKnownFileType = sourcecode.swift; path = ReconnectScheduler.swift; sourceTree = "<group>"; };
		7459077F5FB4D8ED0B355716 /* NotificationService.swift */ = {isa = PBXFileReference; lastKnownFileType = sourcecode.swift; path = NotificationService.swift; sourceTree = "<group>"; };
		862BBC573FE03893D84A68DA /* ReconnectSchedulerTests.swift */ = {isa = PBXFileReference; lastKnownFileType = sourcecode.swift; path = ReconnectSchedulerTests.swift; sourceTree = "<group>"; };
		88BDAAB18C1E0D7D989269C0 /* TunnelConfigTests.swift */ = {isa = PBXFileReference; lastKnownFileType = sourcecode.swift; path = TunnelConfigTests.swift; sourceTree = "<group>"; };
		93B0B944BFD3C4AD3866E93B /* TunnelStoreTests.swift */ = {isa = PBXFileReference; lastKnownFileType = sourcecode.swift; path = TunnelStoreTests.swift; sourceTree = "<group>"; };
		9CF370238BB93E42EE5ACEFA /* SSHTunnelManager.app */ = {isa = PBXFileReference; explicitFileType = wrapper.application; includeInIndex = 0; path = SSHTunnelManager.app; sourceTree = BUILT_PRODUCTS_DIR; };
		BC1A4E0702A57F60E7FDB292 /* SSHTunnelManagerTests.swift */ = {isa = PBXFileReference; lastKnownFileType = sourcecode.swift; path = SSHTunnelManagerTests.swift; sourceTree = "<group>"; };
		C3F2A76586A414A18117D984 /* TunnelState.swift */ = {isa = PBXFileReference; lastKnownFileType = sourcecode.swift; path = TunnelState.swift; sourceTree = "<group>"; };
		C41179959135F03EF2DCCD56 /* SSHCommandBuilder.swift */ = {isa = PBXFileReference; lastKnownFileType = sourcecode.swift; path = SSHCommandBuilder.swift; sourceTree = "<group>"; };
		C5E53BDE4DB853BCB476F57E /* TunnelStore.swift */ = {isa = PBXFileReference; lastKnownFileType = sourcecode.swift; path = TunnelStore.swift; sourceTree = "<group>"; };
		CBFE4A20F8124A7ECE605B66 /* TunnelProcess.swift */ = {isa = PBXFileReference; lastKnownFileType = sourcecode.swift; path = TunnelProcess.swift; sourceTree = "<group>"; };
		D64B75B801CD8FC2FBFDE8ED /* SSHTunnelManager.entitlements */ = {isa = PBXFileReference; lastKnownFileType = text.plist.entitlements; path = SSHTunnelManager.entitlements; sourceTree = "<group>"; };
		EF125BD0DA36ECE11FEB59D1 /* PortChecker.swift */ = {isa = PBXFileReference; lastKnownFileType = sourcecode.swift; path = PortChecker.swift; sourceTree = "<group>"; };
		F8CD1AFE108B03994C56CFD1 /* PortCheckerTests.swift */ = {isa = PBXFileReference; lastKnownFileType = sourcecode.swift; path = PortCheckerTests.swift; sourceTree = "<group>"; };
		FFADF22E152EE5C7FDCB38EB /* SSHTunnelManagerApp.swift */ = {isa = PBXFileReference; lastKnownFileType = sourcecode.swift; path = SSHTunnelManagerApp.swift; sourceTree = "<group>"; };
/* End PBXFileReference section */

/* Begin PBXGroup section */
		270CD0682CE9885F30D23924 = {
			isa = PBXGroup;
			children = (
				7C3D533979F3F96D3170DAE0 /* SSHTunnelManager */,
				9F88C46FF2659218C17D008A /* SSHTunnelManagerTests */,
				BE85D46F453EBDD3B59E16F8 /* Products */,
			);
			sourceTree = "<group>";
		};
		5A994D0C4EE5984C0FCC0CF1 /* Services */ = {
			isa = PBXGroup;
			children = (
				036B4773BB3F7E66A015686E /* AskpassHelper.swift */,
				2C5B10661CC37FC88DBEDEB7 /* KeychainService.swift */,
				7459077F5FB4D8ED0B355716 /* NotificationService.swift */,
				EF125BD0DA36ECE11FEB59D1 /* PortChecker.swift */,
				5D56464A78D1542DCECBA1E0 /* ReconnectScheduler.swift */,
				C41179959135F03EF2DCCD56 /* SSHCommandBuilder.swift */,
				CBFE4A20F8124A7ECE605B66 /* TunnelProcess.swift */,
				C5E53BDE4DB853BCB476F57E /* TunnelStore.swift */,
			);
			path = Services;
			sourceTree = "<group>";
		};
		7C3D533979F3F96D3170DAE0 /* SSHTunnelManager */ = {
			isa = PBXGroup;
			children = (
				C1E942F1486130FC96C79DFE /* App */,
				F46F4A1A56C894EDC479C2C9 /* Models */,
				5A994D0C4EE5984C0FCC0CF1 /* Services */,
			);
			path = SSHTunnelManager;
			sourceTree = "<group>";
		};
		9F88C46FF2659218C17D008A /* SSHTunnelManagerTests */ = {
			isa = PBXGroup;
			children = (
				40EFD25F9F49585B59AD7D68 /* KeychainServiceTests.swift */,
				F8CD1AFE108B03994C56CFD1 /* PortCheckerTests.swift */,
				862BBC573FE03893D84A68DA /* ReconnectSchedulerTests.swift */,
				4D2CF78C217C6E72E4C70FDC /* SSHCommandBuilderTests.swift */,
				BC1A4E0702A57F60E7FDB292 /* SSHTunnelManagerTests.swift */,
				88BDAAB18C1E0D7D989269C0 /* TunnelConfigTests.swift */,
				93B0B944BFD3C4AD3866E93B /* TunnelStoreTests.swift */,
			);
			path = SSHTunnelManagerTests;
			sourceTree = "<group>";
		};
		BE85D46F453EBDD3B59E16F8 /* Products */ = {
			isa = PBXGroup;
			children = (
				9CF370238BB93E42EE5ACEFA /* SSHTunnelManager.app */,
				4D111C803D54D3AA851AA1FC /* SSHTunnelManagerTests.xctest */,
			);
			name = Products;
			sourceTree = "<group>";
		};
		C1E942F1486130FC96C79DFE /* App */ = {
			isa = PBXGroup;
			children = (
				36D6C4C316A99536379CEF9D /* Info.plist */,
				D64B75B801CD8FC2FBFDE8ED /* SSHTunnelManager.entitlements */,
				FFADF22E152EE5C7FDCB38EB /* SSHTunnelManagerApp.swift */,
			);
			path = App;
			sourceTree = "<group>";
		};
		F46F4A1A56C894EDC479C2C9 /* Models */ = {
			isa = PBXGroup;
			children = (
				5909F6104FB2F4B5A601375B /* TunnelConfig.swift */,
				C3F2A76586A414A18117D984 /* TunnelState.swift */,
			);
			path = Models;
			sourceTree = "<group>";
		};
/* End PBXGroup section */

/* Begin PBXNativeTarget section */
		1E4F5FB5085AB032F5EDD326 /* SSHTunnelManager */ = {
			isa = PBXNativeTarget;
			buildConfigurationList = 3AC811B9C51C50C031DAB4B2 /* Build configuration list for PBXNativeTarget "SSHTunnelManager" */;
			buildPhases = (
				F3DF69130F6BB3DD2895B6BB /* Sources */,
			);
			buildRules = (
			);
			dependencies = (
			);
			name = SSHTunnelManager;
			packageProductDependencies = (
			);
			productName = SSHTunnelManager;
			productReference = 9CF370238BB93E42EE5ACEFA /* SSHTunnelManager.app */;
			productType = "com.apple.product-type.application";
		};
		6B199C5E9D52F19E4328B1CF /* SSHTunnelManagerTests */ = {
			isa = PBXNativeTarget;
			buildConfigurationList = DD35C7BDF903DC4169D55BB4 /* Build configuration list for PBXNativeTarget "SSHTunnelManagerTests" */;
			buildPhases = (
				C382A18CEE221B021E9608EF /* Sources */,
			);
			buildRules = (
			);
			dependencies = (
				6A7F23C281CDD709C96207E1 /* PBXTargetDependency */,
			);
			name = SSHTunnelManagerTests;
			packageProductDependencies = (
			);
			productName = SSHTunnelManagerTests;
			productReference = 4D111C803D54D3AA851AA1FC /* SSHTunnelManagerTests.xctest */;
			productType = "com.apple.product-type.bundle.unit-test";
		};
/* End PBXNativeTarget section */

/* Begin PBXProject section */
		DB49ACC03D5E7410207F8226 /* Project object */ = {
			isa = PBXProject;
			attributes = {
				BuildIndependentTargetsInParallel = YES;
				LastUpgradeCheck = 1500;
				TargetAttributes = {
				};
			};
			buildConfigurationList = 0FC75E89662DCC7389013F34 /* Build configuration list for PBXProject "SSHTunnelManager" */;
			developmentRegion = en;
			hasScannedForEncodings = 0;
			knownRegions = (
				Base,
				en,
			);
			mainGroup = 270CD0682CE9885F30D23924;
			minimizedProjectReferenceProxies = 1;
			preferredProjectObjectVersion = 77;
			productRefGroup = BE85D46F453EBDD3B59E16F8 /* Products */;
			projectDirPath = "";
			projectRoot = "";
			targets = (
				1E4F5FB5085AB032F5EDD326 /* SSHTunnelManager */,
				6B199C5E9D52F19E4328B1CF /* SSHTunnelManagerTests */,
			);
		};
/* End PBXProject section */

/* Begin PBXSourcesBuildPhase section */
		C382A18CEE221B021E9608EF /* Sources */ = {
			isa = PBXSourcesBuildPhase;
			buildActionMask = 2147483647;
			files = (
				7448C27D4B1DD21BF742236A /* KeychainServiceTests.swift in Sources */,
				9922B09E1F7E39F1EAE408E3 /* PortCheckerTests.swift in Sources */,
				B525650851107C50B13E1C4F /* ReconnectSchedulerTests.swift in Sources */,
				0000F1C2C22BD4DD7C242062 /* SSHCommandBuilderTests.swift in Sources */,
				5E56A07A702A6D3F321668F0 /* SSHTunnelManagerTests.swift in Sources */,
				16E40854C8A5BFC5B80004B4 /* TunnelConfigTests.swift in Sources */,
				C5D062341D82EA833A1CD40E /* TunnelStoreTests.swift in Sources */,
			);
			runOnlyForDeploymentPostprocessing = 0;
		};
		F3DF69130F6BB3DD2895B6BB /* Sources */ = {
			isa = PBXSourcesBuildPhase;
			buildActionMask = 2147483647;
			files = (
				39361CD241B3BB35FC5AC0EC /* AskpassHelper.swift in Sources */,
				63B1C8A878C0CEE3A517A3D7 /* KeychainService.swift in Sources */,
				5F64D06E9EF13B62C1A83FDB /* NotificationService.swift in Sources */,
				48D01238BF0B7BC09F87E859 /* PortChecker.swift in Sources */,
				D48907E9863B91C7709B4CF0 /* ReconnectScheduler.swift in Sources */,
				21EE1592F11E0FB973706733 /* SSHCommandBuilder.swift in Sources */,
				E808F6E440DFD044796B4926 /* SSHTunnelManagerApp.swift in Sources */,
				05B5DA2AD2D7216AA3D1E9F9 /* TunnelConfig.swift in Sources */,
				132C8BAC93109320027E82EB /* TunnelProcess.swift in Sources */,
				F9F8154E88D77B7BFCE03EB5 /* TunnelState.swift in Sources */,
				78AA23EAB40D605328E5D6AB /* TunnelStore.swift in Sources */,
			);
			runOnlyForDeploymentPostprocessing = 0;
		};
/* End PBXSourcesBuildPhase section */

/* Begin PBXTargetDependency section */
		6A7F23C281CDD709C96207E1 /* PBXTargetDependency */ = {
			isa = PBXTargetDependency;
			target = 1E4F5FB5085AB032F5EDD326 /* SSHTunnelManager */;
			targetProxy = 524FDB41B64A46B956C7F61A /* PBXContainerItemProxy */;
		};
/* End PBXTargetDependency section */

/* Begin XCBuildConfiguration section */
		3C29453B1DEBCA7E25BD0092 /* Debug */ = {
			isa = XCBuildConfiguration;
			buildSettings = {
				ALWAYS_SEARCH_USER_PATHS = NO;
				CLANG_ANALYZER_NONNULL = YES;
				CLANG_ANALYZER_NUMBER_OBJECT_CONVERSION = YES_AGGRESSIVE;
				CLANG_CXX_LANGUAGE_STANDARD = "gnu++14";
				CLANG_CXX_LIBRARY = "libc++";
				CLANG_ENABLE_MODULES = YES;
				CLANG_ENABLE_OBJC_ARC = YES;
				CLANG_ENABLE_OBJC_WEAK = YES;
				CLANG_WARN_BLOCK_CAPTURE_AUTORELEASING = YES;
				CLANG_WARN_BOOL_CONVERSION = YES;
				CLANG_WARN_COMMA = YES;
				CLANG_WARN_CONSTANT_CONVERSION = YES;
				CLANG_WARN_DEPRECATED_OBJC_IMPLEMENTATIONS = YES;
				CLANG_WARN_DIRECT_OBJC_ISA_USAGE = YES_ERROR;
				CLANG_WARN_DOCUMENTATION_COMMENTS = YES;
				CLANG_WARN_EMPTY_BODY = YES;
				CLANG_WARN_ENUM_CONVERSION = YES;
				CLANG_WARN_INFINITE_RECURSION = YES;
				CLANG_WARN_INT_CONVERSION = YES;
				CLANG_WARN_NON_LITERAL_NULL_CONVERSION = YES;
				CLANG_WARN_OBJC_IMPLICIT_RETAIN_SELF = YES;
				CLANG_WARN_OBJC_LITERAL_CONVERSION = YES;
				CLANG_WARN_OBJC_ROOT_CLASS = YES_ERROR;
				CLANG_WARN_QUOTED_INCLUDE_IN_FRAMEWORK_HEADER = YES;
				CLANG_WARN_RANGE_LOOP_ANALYSIS = YES;
				CLANG_WARN_STRICT_PROTOTYPES = YES;
				CLANG_WARN_SUSPICIOUS_MOVE = YES;
				CLANG_WARN_UNGUARDED_AVAILABILITY = YES_AGGRESSIVE;
				CLANG_WARN_UNREACHABLE_CODE = YES;
				CLANG_WARN__DUPLICATE_METHOD_MATCH = YES;
				COPY_PHASE_STRIP = NO;
				DEBUG_INFORMATION_FORMAT = dwarf;
				ENABLE_STRICT_OBJC_MSGSEND = YES;
				ENABLE_TESTABILITY = YES;
				GCC_C_LANGUAGE_STANDARD = gnu11;
				GCC_DYNAMIC_NO_PIC = NO;
				GCC_NO_COMMON_BLOCKS = YES;
				GCC_OPTIMIZATION_LEVEL = 0;
				GCC_PREPROCESSOR_DEFINITIONS = (
					"$(inherited)",
					"DEBUG=1",
				);
				GCC_WARN_64_TO_32_BIT_CONVERSION = YES;
				GCC_WARN_ABOUT_RETURN_TYPE = YES_ERROR;
				GCC_WARN_UNDECLARED_SELECTOR = YES;
				GCC_WARN_UNINITIALIZED_AUTOS = YES_AGGRESSIVE;
				GCC_WARN_UNUSED_FUNCTION = YES;
				GCC_WARN_UNUSED_VARIABLE = YES;
				MACOSX_DEPLOYMENT_TARGET = 13.0;
				MTL_ENABLE_DEBUG_INFO = INCLUDE_SOURCE;
				MTL_FAST_MATH = YES;
				ONLY_ACTIVE_ARCH = YES;
				PRODUCT_NAME = "$(TARGET_NAME)";
				SDKROOT = macosx;
				SWIFT_ACTIVE_COMPILATION_CONDITIONS = DEBUG;
				SWIFT_OPTIMIZATION_LEVEL = "-Onone";
				SWIFT_VERSION = 5.9;
			};
			name = Debug;
		};
		528F28D0E8BEEBA800DF4F20 /* Release */ = {
			isa = XCBuildConfiguration;
			buildSettings = {
				BUNDLE_LOADER = "$(TEST_HOST)";
				COMBINE_HIDPI_IMAGES = YES;
				GENERATE_INFOPLIST_FILE = YES;
				LD_RUNPATH_SEARCH_PATHS = (
					"$(inherited)",
					"@executable_path/../Frameworks",
					"@loader_path/../Frameworks",
				);
				PRODUCT_BUNDLE_IDENTIFIER = "com.lei.ssh-tunnel-manager.tests";
				SDKROOT = macosx;
				TEST_HOST = "$(BUILT_PRODUCTS_DIR)/SSHTunnelManager.app/Contents/MacOS/SSHTunnelManager";
			};
			name = Release;
		};
		59D938B68357BA4664D7D7FA /* Release */ = {
			isa = XCBuildConfiguration;
			buildSettings = {
				ALWAYS_SEARCH_USER_PATHS = NO;
				CLANG_ANALYZER_NONNULL = YES;
				CLANG_ANALYZER_NUMBER_OBJECT_CONVERSION = YES_AGGRESSIVE;
				CLANG_CXX_LANGUAGE_STANDARD = "gnu++14";
				CLANG_CXX_LIBRARY = "libc++";
				CLANG_ENABLE_MODULES = YES;
				CLANG_ENABLE_OBJC_ARC = YES;
				CLANG_ENABLE_OBJC_WEAK = YES;
				CLANG_WARN_BLOCK_CAPTURE_AUTORELEASING = YES;
				CLANG_WARN_BOOL_CONVERSION = YES;
				CLANG_WARN_COMMA = YES;
				CLANG_WARN_CONSTANT_CONVERSION = YES;
				CLANG_WARN_DEPRECATED_OBJC_IMPLEMENTATIONS = YES;
				CLANG_WARN_DIRECT_OBJC_ISA_USAGE = YES_ERROR;
				CLANG_WARN_DOCUMENTATION_COMMENTS = YES;
				CLANG_WARN_EMPTY_BODY = YES;
				CLANG_WARN_ENUM_CONVERSION = YES;
				CLANG_WARN_INFINITE_RECURSION = YES;
				CLANG_WARN_INT_CONVERSION = YES;
				CLANG_WARN_NON_LITERAL_NULL_CONVERSION = YES;
				CLANG_WARN_OBJC_IMPLICIT_RETAIN_SELF = YES;
				CLANG_WARN_OBJC_LITERAL_CONVERSION = YES;
				CLANG_WARN_OBJC_ROOT_CLASS = YES_ERROR;
				CLANG_WARN_QUOTED_INCLUDE_IN_FRAMEWORK_HEADER = YES;
				CLANG_WARN_RANGE_LOOP_ANALYSIS = YES;
				CLANG_WARN_STRICT_PROTOTYPES = YES;
				CLANG_WARN_SUSPICIOUS_MOVE = YES;
				CLANG_WARN_UNGUARDED_AVAILABILITY = YES_AGGRESSIVE;
				CLANG_WARN_UNREACHABLE_CODE = YES;
				CLANG_WARN__DUPLICATE_METHOD_MATCH = YES;
				COPY_PHASE_STRIP = NO;
				DEBUG_INFORMATION_FORMAT = "dwarf-with-dsym";
				ENABLE_NS_ASSERTIONS = NO;
				ENABLE_STRICT_OBJC_MSGSEND = YES;
				GCC_C_LANGUAGE_STANDARD = gnu11;
				GCC_NO_COMMON_BLOCKS = YES;
				GCC_WARN_64_TO_32_BIT_CONVERSION = YES;
				GCC_WARN_ABOUT_RETURN_TYPE = YES_ERROR;
				GCC_WARN_UNDECLARED_SELECTOR = YES;
				GCC_WARN_UNINITIALIZED_AUTOS = YES_AGGRESSIVE;
				GCC_WARN_UNUSED_FUNCTION = YES;
				GCC_WARN_UNUSED_VARIABLE = YES;
				MACOSX_DEPLOYMENT_TARGET = 13.0;
				MTL_ENABLE_DEBUG_INFO = NO;
				MTL_FAST_MATH = YES;
				PRODUCT_NAME = "$(TARGET_NAME)";
				SDKROOT = macosx;
				SWIFT_COMPILATION_MODE = wholemodule;
				SWIFT_OPTIMIZATION_LEVEL = "-O";
				SWIFT_VERSION = 5.9;
			};
			name = Release;
		};
		5F8237654A7C467970E2C69E /* Debug */ = {
			isa = XCBuildConfiguration;
			buildSettings = {
				ASSETCATALOG_COMPILER_APPICON_NAME = AppIcon;
				CODE_SIGN_ENTITLEMENTS = SSHTunnelManager/App/SSHTunnelManager.entitlements;
				COMBINE_HIDPI_IMAGES = YES;
				INFOPLIST_FILE = SSHTunnelManager/App/Info.plist;
				LD_RUNPATH_SEARCH_PATHS = (
					"$(inherited)",
					"@executable_path/../Frameworks",
				);
				MACOSX_DEPLOYMENT_TARGET = 13.0;
				PRODUCT_BUNDLE_IDENTIFIER = "com.lei.ssh-tunnel-manager";
				SDKROOT = macosx;
			};
			name = Debug;
		};
		62736CC7FFE329BE217A0F06 /* Release */ = {
			isa = XCBuildConfiguration;
			buildSettings = {
				ASSETCATALOG_COMPILER_APPICON_NAME = AppIcon;
				CODE_SIGN_ENTITLEMENTS = SSHTunnelManager/App/SSHTunnelManager.entitlements;
				COMBINE_HIDPI_IMAGES = YES;
				INFOPLIST_FILE = SSHTunnelManager/App/Info.plist;
				LD_RUNPATH_SEARCH_PATHS = (
					"$(inherited)",
					"@executable_path/../Frameworks",
				);
				MACOSX_DEPLOYMENT_TARGET = 13.0;
				PRODUCT_BUNDLE_IDENTIFIER = "com.lei.ssh-tunnel-manager";
				SDKROOT = macosx;
			};
			name = Release;
		};
		9A1C32B635069B719AD21B75 /* Debug */ = {
			isa = XCBuildConfiguration;
			buildSettings = {
				BUNDLE_LOADER = "$(TEST_HOST)";
				COMBINE_HIDPI_IMAGES = YES;
				GENERATE_INFOPLIST_FILE = YES;
				LD_RUNPATH_SEARCH_PATHS = (
					"$(inherited)",
					"@executable_path/../Frameworks",
					"@loader_path/../Frameworks",
				);
				PRODUCT_BUNDLE_IDENTIFIER = "com.lei.ssh-tunnel-manager.tests";
				SDKROOT = macosx;
				TEST_HOST = "$(BUILT_PRODUCTS_DIR)/SSHTunnelManager.app/Contents/MacOS/SSHTunnelManager";
			};
			name = Debug;
		};
/* End XCBuildConfiguration section */

/* Begin XCConfigurationList section */
		0FC75E89662DCC7389013F34 /* Build configuration list for PBXProject "SSHTunnelManager" */ = {
			isa = XCConfigurationList;
			buildConfigurations = (
				3C29453B1DEBCA7E25BD0092 /* Debug */,
				59D938B68357BA4664D7D7FA /* Release */,
			);
			defaultConfigurationIsVisible = 0;
			defaultConfigurationName = Debug;
		};
		3AC811B9C51C50C031DAB4B2 /* Build configuration list for PBXNativeTarget "SSHTunnelManager" */ = {
			isa = XCConfigurationList;
			buildConfigurations = (
				5F8237654A7C467970E2C69E /* Debug */,
				62736CC7FFE329BE217A0F06 /* Release */,
			);
			defaultConfigurationIsVisible = 0;
			defaultConfigurationName = Debug;
		};
		DD35C7BDF903DC4169D55BB4 /* Build configuration list for PBXNativeTarget "SSHTunnelManagerTests" */ = {
			isa = XCConfigurationList;
			buildConfigurations = (
				9A1C32B635069B719AD21B75 /* Debug */,
				528F28D0E8BEEBA800DF4F20 /* Release */,
			);
			defaultConfigurationIsVisible = 0;
			defaultConfigurationName = Debug;
		};
/* End XCConfigurationList section */
	};
	rootObject = DB49ACC03D5E7410207F8226 /* Project object */;
}
